<?xml version="1.0" encoding="utf-8"?>
<Project ToolsVersion="4.0" xmlns="http://schemas.microsoft.com/developer/msbuild/2003">
  <ItemGroup>
    <ClCompile Include="MainGame.cpp" />
    <ClCompile Include="DirectX11_YooJaeJun.cpp" />
    <ClCompile Include="Input.cpp">
      <Filter>System</Filter>
    </ClCompile>
    <ClCompile Include="Types.cpp">
      <Filter>System</Filter>
    </ClCompile>
    <ClCompile Include="GameObject.cpp">
      <Filter>GameObject</Filter>
    </ClCompile>
    <ClCompile Include="ObCircle.cpp">
      <Filter>GameObject</Filter>
    </ClCompile>
    <ClCompile Include="ObRect.cpp">
      <Filter>GameObject</Filter>
    </ClCompile>
    <ClCompile Include="ObStar.cpp">
      <Filter>GameObject</Filter>
    </ClCompile>
    <ClCompile Include="Timer.cpp">
      <Filter>System</Filter>
    </ClCompile>
    <ClCompile Include="ObLine.cpp">
      <Filter>GameObject</Filter>
    </ClCompile>
    <ClCompile Include="Bullet.cpp">
      <Filter>Game</Filter>
    </ClCompile>
    <ClCompile Include="Enemy.cpp">
      <Filter>Game</Filter>
    </ClCompile>
  </ItemGroup>
  <ItemGroup>
    <ClInclude Include="framework.h" />
    <ClInclude Include="MainGame.h" />
    <ClInclude Include="SimpleMath.h" />
    <ClInclude Include="Input.h">
      <Filter>System</Filter>
    </ClInclude>
    <ClInclude Include="Types.h">
      <Filter>System</Filter>
    </ClInclude>
    <ClInclude Include="GameObject.h">
      <Filter>GameObject</Filter>
    </ClInclude>
    <ClInclude Include="ObCircle.h">
      <Filter>GameObject</Filter>
    </ClInclude>
    <ClInclude Include="ObRect.h">
      <Filter>GameObject</Filter>
    </ClInclude>
    <ClInclude Include="ObStar.h">
      <Filter>GameObject</Filter>
    </ClInclude>
    <ClInclude Include="Timer.h">
      <Filter>System</Filter>
    </ClInclude>
    <ClInclude Include="ObLine.h">
      <Filter>GameObject</Filter>
    </ClInclude>
    <ClInclude Include="Bullet.h">
      <Filter>Game</Filter>
    </ClInclude>
    <ClInclude Include="Enemy.h">
      <Filter>Game</Filter>
    </ClInclude>
  </ItemGroup>
  <ItemGroup>
    <None Include="SimpleMath.inl" />
  </ItemGroup>
  <ItemGroup>
    <Text Include="삼각함수.txt" />
    <Text Include="화면 좌표계.txt" />
    <Text Include="행렬.txt" />
    <Text Include="벡터.txt" />
  </ItemGroup>
  <ItemGroup>
    <Filter Include="System">
      <UniqueIdentifier>{db4789e7-cafa-4643-82eb-91225c060c59}</UniqueIdentifier>
    </Filter>
    <Filter Include="GameObject">
      <UniqueIdentifier>{ad6e9122-e107-44cc-a43a-e4d389f525e7}</UniqueIdentifier>
    </Filter>
    <Filter Include="Game">
      <UniqueIdentifier>{d27c0b69-905b-47d8-a048-0ecb9feb7f94}</UniqueIdentifier>
    </Filter>
  </ItemGroup>
</Project>