<?xml version="1.0" encoding="utf-8"?>
<Project ToolsVersion="4.0" xmlns="http://schemas.microsoft.com/developer/msbuild/2003">
  <ItemGroup>
    <ClInclude Include="Main.h" />
    <ClInclude Include="stdafx.h" />
    <ClInclude Include="Character.h">
      <Filter>GameObject</Filter>
    </ClInclude>
    <ClInclude Include="Floor.h">
      <Filter>GameObject</Filter>
    </ClInclude>
    <ClInclude Include="Obstacle.h">
      <Filter>GameObject</Filter>
    </ClInclude>
    <ClInclude Include="Sonic.h">
      <Filter>GameObject</Filter>
    </ClInclude>
  </ItemGroup>
  <ItemGroup>
    <ClCompile Include="Main.cpp" />
    <ClCompile Include="Character.cpp">
      <Filter>GameObject</Filter>
    </ClCompile>
    <ClCompile Include="Floor.cpp">
      <Filter>GameObject</Filter>
    </ClCompile>
    <ClCompile Include="Obstacle.cpp">
      <Filter>GameObject</Filter>
    </ClCompile>
    <ClCompile Include="Sonic.cpp">
      <Filter>GameObject</Filter>
    </ClCompile>
  </ItemGroup>
  <ItemGroup>
    <Filter Include="GameObject">
      <UniqueIdentifier>{f1dbcdcd-2bfb-48f8-81be-29260c888502}</UniqueIdentifier>
    </Filter>
  </ItemGroup>
</Project>