<?xml version="1.0" encoding="utf-8"?>
<Project ToolsVersion="4.0" xmlns="http://schemas.microsoft.com/developer/msbuild/2003">
  <ItemGroup>
    <ClCompile Include="Dir8\Boss.cpp" />
    <ClCompile Include="Dir8\Character.cpp" />
    <ClCompile Include="Dir8\Main.cpp" />
    <ClCompile Include="Dir8\Player.cpp" />
    <ClCompile Include="Dir8\Scene01.cpp" />
  </ItemGroup>
  <ItemGroup>
    <ClInclude Include="Dir8\Boss.h" />
    <ClInclude Include="Dir8\Character.h" />
    <ClInclude Include="Dir8\Main.h" />
    <ClInclude Include="Dir8\Player.h" />
    <ClInclude Include="Dir8\Scene01.h" />
    <ClInclude Include="Dir8\stdafx.h" />
  </ItemGroup>
</Project>