<?xml version="1.0" encoding="utf-8"?>
<Project ToolsVersion="4.0" xmlns="http://schemas.microsoft.com/developer/msbuild/2003">
  <ItemGroup>
    <ClInclude Include="DelaunayTriangulation\vector2.h" />
    <ClInclude Include="DelaunayTriangulation\delaunay.h" />
    <ClInclude Include="DelaunayTriangulation\edge.h" />
    <ClInclude Include="DelaunayTriangulation\numeric.h" />
    <ClInclude Include="DelaunayTriangulation\triangle.h" />
  </ItemGroup>
  <ItemGroup>
    <ClCompile Include="DelaunayTriangulation\delaunay.cpp" />
    <ClCompile Include="DelaunayTriangulation\edge.cpp" />
    <ClCompile Include="DelaunayTriangulation\main.cpp" />
    <ClCompile Include="DelaunayTriangulation\tests.cpp" />
    <ClCompile Include="DelaunayTriangulation\triangle.cpp" />
    <ClCompile Include="DelaunayTriangulation\vector2.cpp" />
  </ItemGroup>
</Project>