<?xml version="1.0" encoding="utf-8"?>
<Project ToolsVersion="4.0" xmlns="http://schemas.microsoft.com/developer/msbuild/2003">
  <ItemGroup>
    <ClCompile Include="stdafx.cpp" />
    <ClCompile Include="Main.cpp" />
    <ClCompile Include="Vertex_Line.cpp">
      <Filter>Vertex</Filter>
    </ClCompile>
    <ClCompile Include="Vertex_Line2.cpp">
      <Filter>Vertex</Filter>
    </ClCompile>
  </ItemGroup>
  <ItemGroup>
    <ClInclude Include="Main.h" />
    <ClInclude Include="stdafx.h" />
    <ClInclude Include="Vertex_Line.h">
      <Filter>Vertex</Filter>
    </ClInclude>
    <ClInclude Include="Vertex_Line2.h">
      <Filter>Vertex</Filter>
    </ClInclude>
  </ItemGroup>
  <ItemGroup>
    <Filter Include="Vertex">
      <UniqueIdentifier>{0f5e74cd-8acc-48d3-a953-d7ec6d96c7ed}</UniqueIdentifier>
    </Filter>
  </ItemGroup>
</Project>