<?xml version="1.0" encoding="utf-8"?>
<Project ToolsVersion="4.0" xmlns="http://schemas.microsoft.com/developer/msbuild/2003">
  <ItemGroup>
    <ClCompile Include="Framework.cpp" />
    <ClCompile Include="Renders\Context.cpp">
      <Filter>Renders</Filter>
    </ClCompile>
    <ClCompile Include="Renders\Texture.cpp">
      <Filter>Renders</Filter>
    </ClCompile>
    <ClCompile Include="Renders\Shader.cpp">
      <Filter>Renders</Filter>
    </ClCompile>
    <ClCompile Include="Systems\D3D.cpp">
      <Filter>Systems</Filter>
    </ClCompile>
    <ClCompile Include="Systems\Gui.cpp">
      <Filter>Systems</Filter>
    </ClCompile>
    <ClCompile Include="Systems\Keyboard.cpp">
      <Filter>Systems</Filter>
    </ClCompile>
    <ClCompile Include="Systems\Mouse.cpp">
      <Filter>Systems</Filter>
    </ClCompile>
    <ClCompile Include="Systems\Time.cpp">
      <Filter>Systems</Filter>
    </ClCompile>
    <ClCompile Include="Systems\Window.cpp">
      <Filter>Systems</Filter>
    </ClCompile>
    <ClCompile Include="Utilities\BinaryFile.cpp">
      <Filter>Utilities</Filter>
    </ClCompile>
    <ClCompile Include="Utilities\Math.cpp">
      <Filter>Utilities</Filter>
    </ClCompile>
    <ClCompile Include="Utilities\Path.cpp">
      <Filter>Utilities</Filter>
    </ClCompile>
    <ClCompile Include="Utilities\String.cpp">
      <Filter>Utilities</Filter>
    </ClCompile>
    <ClCompile Include="Utilities\Xml.cpp">
      <Filter>Utilities</Filter>
    </ClCompile>
    <ClCompile Include="Viewer\Orthographic.cpp">
      <Filter>Viewer</Filter>
    </ClCompile>
    <ClCompile Include="Viewer\Perspective.cpp">
      <Filter>Viewer</Filter>
    </ClCompile>
    <ClCompile Include="Viewer\Projection.cpp">
      <Filter>Viewer</Filter>
    </ClCompile>
    <ClCompile Include="Viewer\Viewport.cpp">
      <Filter>Viewer</Filter>
    </ClCompile>
    <ClCompile Include="Viewer\Camera.cpp">
      <Filter>Viewer</Filter>
    </ClCompile>
    <ClCompile Include="Viewer\Freedom.cpp">
      <Filter>Viewer</Filter>
    </ClCompile>
    <ClCompile Include="Environment\Terrain.cpp">
      <Filter>Enviroment</Filter>
    </ClCompile>
    <ClCompile Include="Renders\DebugLine.cpp">
      <Filter>Renders</Filter>
    </ClCompile>
    <ClCompile Include="Meshes\Mesh.cpp">
      <Filter>Meshes</Filter>
    </ClCompile>
    <ClCompile Include="Meshes\MeshQuad.cpp">
      <Filter>Meshes</Filter>
    </ClCompile>
    <ClCompile Include="Meshes\MeshCube.cpp">
      <Filter>Meshes</Filter>
    </ClCompile>
    <ClCompile Include="Meshes\MeshGrid.cpp">
      <Filter>Meshes</Filter>
    </ClCompile>
    <ClCompile Include="Meshes\MeshSphere.cpp">
      <Filter>Meshes</Filter>
    </ClCompile>
    <ClCompile Include="Meshes\MeshCylinder.cpp">
      <Filter>Meshes</Filter>
    </ClCompile>
    <ClCompile Include="Objects\CubeMap.cpp">
      <Filter>Objects</Filter>
    </ClCompile>
    <ClCompile Include="Environment\CubeSky.cpp">
      <Filter>Enviroment</Filter>
    </ClCompile>
    <ClCompile Include="Renders\Buffers.cpp">
      <Filter>Renders</Filter>
    </ClCompile>
    <ClCompile Include="Renders\Transform.cpp">
      <Filter>Renders</Filter>
    </ClCompile>
    <ClCompile Include="Renders\PerFrame.cpp">
      <Filter>Renders</Filter>
    </ClCompile>
    <ClCompile Include="Renders\Renderer.cpp">
      <Filter>Renders</Filter>
    </ClCompile>
  </ItemGroup>
  <ItemGroup>
    <ClInclude Include="Framework.h" />
    <ClInclude Include="Renders\Context.h">
      <Filter>Renders</Filter>
    </ClInclude>
    <ClInclude Include="Renders\Texture.h">
      <Filter>Renders</Filter>
    </ClInclude>
    <ClInclude Include="Renders\VertexLayouts.h">
      <Filter>Renders</Filter>
    </ClInclude>
    <ClInclude Include="Renders\Shader.h">
      <Filter>Renders</Filter>
    </ClInclude>
    <ClInclude Include="Systems\D3D.h">
      <Filter>Systems</Filter>
    </ClInclude>
    <ClInclude Include="Systems\Gui.h">
      <Filter>Systems</Filter>
    </ClInclude>
    <ClInclude Include="Systems\IExecute.h">
      <Filter>Systems</Filter>
    </ClInclude>
    <ClInclude Include="Systems\Keyboard.h">
      <Filter>Systems</Filter>
    </ClInclude>
    <ClInclude Include="Systems\Mouse.h">
      <Filter>Systems</Filter>
    </ClInclude>
    <ClInclude Include="Systems\Time.h">
      <Filter>Systems</Filter>
    </ClInclude>
    <ClInclude Include="Systems\Window.h">
      <Filter>Systems</Filter>
    </ClInclude>
    <ClInclude Include="Utilities\BinaryFile.h">
      <Filter>Utilities</Filter>
    </ClInclude>
    <ClInclude Include="Utilities\Math.h">
      <Filter>Utilities</Filter>
    </ClInclude>
    <ClInclude Include="Utilities\Path.h">
      <Filter>Utilities</Filter>
    </ClInclude>
    <ClInclude Include="Utilities\String.h">
      <Filter>Utilities</Filter>
    </ClInclude>
    <ClInclude Include="Utilities\Xml.h">
      <Filter>Utilities</Filter>
    </ClInclude>
    <ClInclude Include="Viewer\Orthographic.h">
      <Filter>Viewer</Filter>
    </ClInclude>
    <ClInclude Include="Viewer\Perspective.h">
      <Filter>Viewer</Filter>
    </ClInclude>
    <ClInclude Include="Viewer\Projection.h">
      <Filter>Viewer</Filter>
    </ClInclude>
    <ClInclude Include="Viewer\Viewport.h">
      <Filter>Viewer</Filter>
    </ClInclude>
    <ClInclude Include="Viewer\Camera.h">
      <Filter>Viewer</Filter>
    </ClInclude>
    <ClInclude Include="Viewer\Freedom.h">
      <Filter>Viewer</Filter>
    </ClInclude>
    <ClInclude Include="Environment\Terrain.h">
      <Filter>Enviroment</Filter>
    </ClInclude>
    <ClInclude Include="Renders\DebugLine.h">
      <Filter>Renders</Filter>
    </ClInclude>
    <ClInclude Include="Meshes\Mesh.h">
      <Filter>Meshes</Filter>
    </ClInclude>
    <ClInclude Include="Meshes\MeshQuad.h">
      <Filter>Meshes</Filter>
    </ClInclude>
    <ClInclude Include="Meshes\MeshCube.h">
      <Filter>Meshes</Filter>
    </ClInclude>
    <ClInclude Include="Meshes\MeshGrid.h">
      <Filter>Meshes</Filter>
    </ClInclude>
    <ClInclude Include="Meshes\MeshSphere.h">
      <Filter>Meshes</Filter>
    </ClInclude>
    <ClInclude Include="Meshes\MeshCylinder.h">
      <Filter>Meshes</Filter>
    </ClInclude>
    <ClInclude Include="Objects\CubeMap.h">
      <Filter>Objects</Filter>
    </ClInclude>
    <ClInclude Include="Environment\CubeSky.h">
      <Filter>Enviroment</Filter>
    </ClInclude>
    <ClInclude Include="Renders\Buffers.h">
      <Filter>Renders</Filter>
    </ClInclude>
    <ClInclude Include="Renders\Transform.h">
      <Filter>Renders</Filter>
    </ClInclude>
    <ClInclude Include="Renders\PerFrame.h">
      <Filter>Renders</Filter>
    </ClInclude>
    <ClInclude Include="Renders\Renderer.h">
      <Filter>Renders</Filter>
    </ClInclude>
  </ItemGroup>
  <ItemGroup>
    <Filter Include="Viewer">
      <UniqueIdentifier>{3cc3ca39-2a9e-453d-a9ef-b1edff74ac69}</UniqueIdentifier>
    </Filter>
    <Filter Include="Utilities">
      <UniqueIdentifier>{54811616-8866-49d4-8f1d-b24fdaf0054c}</UniqueIdentifier>
    </Filter>
    <Filter Include="Systems">
      <UniqueIdentifier>{cb8cbac5-c81e-41f1-a5bf-6acc7f2650c6}</UniqueIdentifier>
    </Filter>
    <Filter Include="Renders">
      <UniqueIdentifier>{706644aa-b18b-4ad2-b8f7-eabdfff71ddb}</UniqueIdentifier>
    </Filter>
    <Filter Include="Enviroment">
      <UniqueIdentifier>{2bbd4152-0007-4209-9eb6-ec005249cb70}</UniqueIdentifier>
    </Filter>
    <Filter Include="Meshes">
      <UniqueIdentifier>{1c24feae-3666-416f-9790-911f18a27c84}</UniqueIdentifier>
    </Filter>
    <Filter Include="Objects">
      <UniqueIdentifier>{cc8c7805-a30c-4e29-93e4-c88d5d75e4f3}</UniqueIdentifier>
    </Filter>
  </ItemGroup>
</Project>