
Microsoft Visual Studio Solution File, Format Version 12.00
# Visual Studio Version 16
VisualStudioVersion = 16.0.31624.102
MinimumVisualStudioVersion = 10.0.40219.1
Project("{8BC9CEB8-8B4A-11D0-8D11-00A0C91BC942}") = "DirectX11_YooJaeJun", "DirectX11_YooJaeJun\DirectX11_YooJaeJun.vcxproj", "{EF08A7C0-36A5-4061-A95F-259FAD5D1EA9}"
EndProject
Global
	GlobalSection(SolutionConfigurationPlatforms) = preSolution
		Debug|x64 = Debug|x64
		Debug|x86 = Debug|x86
		Release|x64 = Release|x64
		Release|x86 = Release|x86
	EndGlobalSection
	GlobalSection(ProjectConfigurationPlatforms) = postSolution
		{EF08A7C0-36A5-4061-A95F-259FAD5D1EA9}.Debug|x64.ActiveCfg = Debug|x64
		{EF08A7C0-36A5-4061-A95F-259FAD5D1EA9}.Debug|x64.Build.0 = Debug|x64
		{EF08A7C0-36A5-4061-A95F-259FAD5D1EA9}.Debug|x86.ActiveCfg = Debug|Win32
		{EF08A7C0-36A5-4061-A95F-259FAD5D1EA9}.Debug|x86.Build.0 = Debug|Win32
		{EF08A7C0-36A5-4061-A95F-259FAD5D1EA9}.Release|x64.ActiveCfg = Release|x64
		{EF08A7C0-36A5-4061-A95F-259FAD5D1EA9}.Release|x64.Build.0 = Release|x64
		{EF08A7C0-36A5-4061-A95F-259FAD5D1EA9}.Release|x86.ActiveCfg = Release|Win32
		{EF08A7C0-36A5-4061-A95F-259FAD5D1EA9}.Release|x86.Build.0 = Release|Win32
	EndGlobalSection
	GlobalSection(SolutionProperties) = preSolution
		HideSolutionNode = FALSE
	EndGlobalSection
	GlobalSection(ExtensibilityGlobals) = postSolution
		SolutionGuid = {42238E25-6EF6-463B-A23F-F408F98B0E17}
	EndGlobalSection
EndGlobal
