<?xml version="1.0" encoding="utf-8"?>
<Project ToolsVersion="4.0" xmlns="http://schemas.microsoft.com/developer/msbuild/2003">
  <ItemGroup>
    <Filter Include="Item">
      <UniqueIdentifier>{6f6ceebd-a0fe-4e31-8d7e-54187de7e0bf}</UniqueIdentifier>
    </Filter>
  </ItemGroup>
  <ItemGroup>
    <ClCompile Include="Shop\Item\Armor.cpp" />
    <ClCompile Include="Shop\Item\Etc.cpp" />
    <ClCompile Include="Shop\Item\Item.cpp" />
    <ClCompile Include="Shop\Item\Weapon.cpp" />
    <ClCompile Include="Shop\Unit\Player.cpp" />
    <ClCompile Include="Shop\Unit\Shop.cpp" />
    <ClCompile Include="Shop\Unit\Unit.cpp" />
    <ClCompile Include="Shop\main.cpp" />
  </ItemGroup>
  <ItemGroup>
    <ClInclude Include="Shop\Item\Armor.h" />
    <ClInclude Include="Shop\Item\Etc.h" />
    <ClInclude Include="Shop\Item\Item.h" />
    <ClInclude Include="Shop\Item\Weapon.h" />
    <ClInclude Include="Shop\Unit\Player.h" />
    <ClInclude Include="Shop\Unit\Shop.h" />
    <ClInclude Include="Shop\Unit\Unit.h" />
  </ItemGroup>
</Project>