
Microsoft Visual Studio Solution File, Format Version 12.00
# Visual Studio Version 16
VisualStudioVersion = 16.0.28315.86
MinimumVisualStudioVersion = 10.0.40219.1
Project("{2150E333-8FDC-42A3-9474-1A3956D46DE8}") = "Engine", "Engine", "{94A6C6F3-99B3-346E-9557-ABF9D4064DBD}"
EndProject
Project("{2150E333-8FDC-42A3-9474-1A3956D46DE8}") = "Games", "Games", "{8E2F6A87-1826-34F4-940C-CC23A48F9FE4}"
EndProject
Project("{8BC9CEB8-8B4A-11D0-8D11-00A0C91BC942}") = "UE4", "Intermediate\ProjectFiles\UE4.vcxproj", "{E517D7B4-7AC1-4119-85CF-2849C2191B1C}"
EndProject
Project("{8BC9CEB8-8B4A-11D0-8D11-00A0C91BC942}") = "MyUnrealCPP_02", "Intermediate\ProjectFiles\MyUnrealCPP_02.vcxproj", "{A944BFC4-F8CD-4313-955A-02BF255F771E}"
EndProject
Project("{2150E333-8FDC-42A3-9474-1A3956D46DE8}") = "Visualizers", "Visualizers", "{1CCEC849-CC72-4C59-8C36-2F7C38706D4C}"
	ProjectSection(SolutionItems) = preProject
		..\..\..\..\..\EpicGames\UE_4.26\Engine\Extras\VisualStudioDebugging\UE4.natvis = ..\..\..\..\..\EpicGames\UE_4.26\Engine\Extras\VisualStudioDebugging\UE4.natvis
	EndProjectSection
EndProject
Global
	GlobalSection(SolutionConfigurationPlatforms) = preSolution
		DebugGame Editor|Win32 = DebugGame Editor|Win32
		DebugGame Editor|Win64 = DebugGame Editor|Win64
		DebugGame|Win32 = DebugGame|Win32
		DebugGame|Win64 = DebugGame|Win64
		Development Editor|Win32 = Development Editor|Win32
		Development Editor|Win64 = Development Editor|Win64
		Development|Win32 = Development|Win32
		Development|Win64 = Development|Win64
		Shipping|Win32 = Shipping|Win32
		Shipping|Win64 = Shipping|Win64
	EndGlobalSection
	GlobalSection(ProjectConfigurationPlatforms) = postSolution
		{E517D7B4-7AC1-4119-85CF-2849C2191B1C}.DebugGame Editor|Win32.ActiveCfg = BuiltWithUnrealBuildTool|Win32
		{E517D7B4-7AC1-4119-85CF-2849C2191B1C}.DebugGame Editor|Win64.ActiveCfg = BuiltWithUnrealBuildTool|Win32
		{E517D7B4-7AC1-4119-85CF-2849C2191B1C}.DebugGame|Win32.ActiveCfg = BuiltWithUnrealBuildTool|Win32
		{E517D7B4-7AC1-4119-85CF-2849C2191B1C}.DebugGame|Win64.ActiveCfg = BuiltWithUnrealBuildTool|Win32
		{E517D7B4-7AC1-4119-85CF-2849C2191B1C}.Development Editor|Win32.ActiveCfg = BuiltWithUnrealBuildTool|Win32
		{E517D7B4-7AC1-4119-85CF-2849C2191B1C}.Development Editor|Win64.ActiveCfg = BuiltWithUnrealBuildTool|Win32
		{E517D7B4-7AC1-4119-85CF-2849C2191B1C}.Development|Win32.ActiveCfg = BuiltWithUnrealBuildTool|Win32
		{E517D7B4-7AC1-4119-85CF-2849C2191B1C}.Development|Win64.ActiveCfg = BuiltWithUnrealBuildTool|Win32
		{E517D7B4-7AC1-4119-85CF-2849C2191B1C}.Shipping|Win32.ActiveCfg = BuiltWithUnrealBuildTool|Win32
		{E517D7B4-7AC1-4119-85CF-2849C2191B1C}.Shipping|Win64.ActiveCfg = BuiltWithUnrealBuildTool|Win32
		{A944BFC4-F8CD-4313-955A-02BF255F771E}.DebugGame Editor|Win32.ActiveCfg = Invalid|Win32
		{A944BFC4-F8CD-4313-955A-02BF255F771E}.DebugGame Editor|Win64.ActiveCfg = DebugGame_Editor|x64
		{A944BFC4-F8CD-4313-955A-02BF255F771E}.DebugGame Editor|Win64.Build.0 = DebugGame_Editor|x64
		{A944BFC4-F8CD-4313-955A-02BF255F771E}.DebugGame|Win32.ActiveCfg = DebugGame|Win32
		{A944BFC4-F8CD-4313-955A-02BF255F771E}.DebugGame|Win32.Build.0 = DebugGame|Win32
		{A944BFC4-F8CD-4313-955A-02BF255F771E}.DebugGame|Win64.ActiveCfg = DebugGame|x64
		{A944BFC4-F8CD-4313-955A-02BF255F771E}.DebugGame|Win64.Build.0 = DebugGame|x64
		{A944BFC4-F8CD-4313-955A-02BF255F771E}.Development Editor|Win32.ActiveCfg = Invalid|Win32
		{A944BFC4-F8CD-4313-955A-02BF255F771E}.Development Editor|Win64.ActiveCfg = Development_Editor|x64
		{A944BFC4-F8CD-4313-955A-02BF255F771E}.Development Editor|Win64.Build.0 = Development_Editor|x64
		{A944BFC4-F8CD-4313-955A-02BF255F771E}.Development|Win32.ActiveCfg = Development|Win32
		{A944BFC4-F8CD-4313-955A-02BF255F771E}.Development|Win32.Build.0 = Development|Win32
		{A944BFC4-F8CD-4313-955A-02BF255F771E}.Development|Win64.ActiveCfg = Development|x64
		{A944BFC4-F8CD-4313-955A-02BF255F771E}.Development|Win64.Build.0 = Development|x64
		{A944BFC4-F8CD-4313-955A-02BF255F771E}.Shipping|Win32.ActiveCfg = Shipping|Win32
		{A944BFC4-F8CD-4313-955A-02BF255F771E}.Shipping|Win32.Build.0 = Shipping|Win32
		{A944BFC4-F8CD-4313-955A-02BF255F771E}.Shipping|Win64.ActiveCfg = Shipping|x64
		{A944BFC4-F8CD-4313-955A-02BF255F771E}.Shipping|Win64.Build.0 = Shipping|x64
	EndGlobalSection
	GlobalSection(SolutionProperties) = preSolution
		HideSolutionNode = FALSE
	EndGlobalSection
	GlobalSection(NestedProjects) = preSolution
		{E517D7B4-7AC1-4119-85CF-2849C2191B1C} = {94A6C6F3-99B3-346E-9557-ABF9D4064DBD}
		{A944BFC4-F8CD-4313-955A-02BF255F771E} = {8E2F6A87-1826-34F4-940C-CC23A48F9FE4}
	EndGlobalSection
EndGlobal
